
Microsoft Visual Studio Solution File, Format Version 12.00
# Visual Studio Version 17
VisualStudioVersion = 17.9.34701.34
MinimumVisualStudioVersion = 10.0.40219.1
Project("{9A19103F-16F7-4668-BE54-9A1E7A4F7556}") = "CinemaApp.Data", "CinemaApp.Data\CinemaApp.Data.csproj", "{6F7E8650-A6C0-49A1-AD86-BAD6894341AE}"
EndProject
Project("{9A19103F-16F7-4668-BE54-9A1E7A4F7556}") = "CinemaApp.Business", "CinemaApp.Business\CinemaApp.Business.csproj", "{F53C3500-2B3C-4219-9950-7E6A9E9EB336}"
EndProject
Project("{9A19103F-16F7-4668-BE54-9A1E7A4F7556}") = "CinemaApp.WebApi", "CinemaApp.WebApi\CinemaApp.WebApi.csproj", "{4E2BA47A-8111-478D-BDE7-610247B1F70F}"
EndProject
Project("{FAE04EC0-301F-11D3-BF4B-00C04F79EFBC}") = "CinemaApp.MVC", "CinemaApp.MVC\CinemaApp.MVC.csproj", "{064F52FC-6954-474F-9A7D-2D5CAED5D4C7}"
EndProject
Global
	GlobalSection(SolutionConfigurationPlatforms) = preSolution
		Debug|Any CPU = Debug|Any CPU
		Release|Any CPU = Release|Any CPU
	EndGlobalSection
	GlobalSection(ProjectConfigurationPlatforms) = postSolution
		{6F7E8650-A6C0-49A1-AD86-BAD6894341AE}.Debug|Any CPU.ActiveCfg = Debug|Any CPU
		{6F7E8650-A6C0-49A1-AD86-BAD6894341AE}.Debug|Any CPU.Build.0 = Debug|Any CPU
		{6F7E8650-A6C0-49A1-AD86-BAD6894341AE}.Release|Any CPU.ActiveCfg = Release|Any CPU
		{6F7E8650-A6C0-49A1-AD86-BAD6894341AE}.Release|Any CPU.Build.0 = Release|Any CPU
		{F53C3500-2B3C-4219-9950-7E6A9E9EB336}.Debug|Any CPU.ActiveCfg = Debug|Any CPU
		{F53C3500-2B3C-4219-9950-7E6A9E9EB336}.Debug|Any CPU.Build.0 = Debug|Any CPU
		{F53C3500-2B3C-4219-9950-7E6A9E9EB336}.Release|Any CPU.ActiveCfg = Release|Any CPU
		{F53C3500-2B3C-4219-9950-7E6A9E9EB336}.Release|Any CPU.Build.0 = Release|Any CPU
		{4E2BA47A-8111-478D-BDE7-610247B1F70F}.Debug|Any CPU.ActiveCfg = Debug|Any CPU
		{4E2BA47A-8111-478D-BDE7-610247B1F70F}.Debug|Any CPU.Build.0 = Debug|Any CPU
		{4E2BA47A-8111-478D-BDE7-610247B1F70F}.Release|Any CPU.ActiveCfg = Release|Any CPU
		{4E2BA47A-8111-478D-BDE7-610247B1F70F}.Release|Any CPU.Build.0 = Release|Any CPU
		{064F52FC-6954-474F-9A7D-2D5CAED5D4C7}.Debug|Any CPU.ActiveCfg = Debug|Any CPU
		{064F52FC-6954-474F-9A7D-2D5CAED5D4C7}.Debug|Any CPU.Build.0 = Debug|Any CPU
		{064F52FC-6954-474F-9A7D-2D5CAED5D4C7}.Release|Any CPU.ActiveCfg = Release|Any CPU
		{064F52FC-6954-474F-9A7D-2D5CAED5D4C7}.Release|Any CPU.Build.0 = Release|Any CPU
	EndGlobalSection
	GlobalSection(SolutionProperties) = preSolution
		HideSolutionNode = FALSE
	EndGlobalSection
	GlobalSection(ExtensibilityGlobals) = postSolution
		SolutionGuid = {1B77A0BD-8937-4B4E-A8CC-0324B0AA0402}
	EndGlobalSection
EndGlobal
